// !$*UTF8*$!
{
	archiveVersion = 1;
	classes = {
	};
	objectVersion = 50;
	objects = {

/* Begin PBXBuildFile section */
		BE5D716D222E94A000F200DE /* AppDelegate.swift in Sources */ = {isa = PBXBuildFile; fileRef = BE5D716C222E94A000F200DE /* AppDelegate.swift */; };
		BE5D716F222E94A000F200DE /* ViewController.swift in Sources */ = {isa = PBXBuildFile; fileRef = BE5D716E222E94A000F200DE /* ViewController.swift */; };
		BE5D7172222E94A000F200DE /* Main.storyboard in Resources */ = {isa = PBXBuildFile; fileRef = BE5D7170222E94A000F200DE /* Main.storyboard */; };
		BE5D7174222E94A300F200DE /* Assets.xcassets in Resources */ = {isa = PBXBuildFile; fileRef = BE5D7173222E94A300F200DE /* Assets.xcassets */; };
		BE5D7177222E94A300F200DE /* LaunchScreen.storyboard in Resources */ = {isa = PBXBuildFile; fileRef = BE5D7175222E94A300F200DE /* LaunchScreen.storyboard */; };
		BE5D7182222E95A200F200DE /* ColorCameraViewController.swift in Sources */ = {isa = PBXBuildFile; fileRef = BE5D7181222E95A200F200DE /* ColorCameraViewController.swift */; };
		BE5D7184222E95C300F200DE /* CameraSessionManager.swift in Sources */ = {isa = PBXBuildFile; fileRef = BE5D7183222E95C300F200DE /* CameraSessionManager.swift */; };
		BE5D7188222E95DF00F200DE /* DBColorNames.m in Sources */ = {isa = PBXBuildFile; fileRef = BE5D7187222E95DF00F200DE /* DBColorNames.m */; };
		BE5D718A222EA4E400F200DE /* InterfaceHelper.swift in Sources */ = {isa = PBXBuildFile; fileRef = BE5D7189222EA4E400F200DE /* InterfaceHelper.swift */; };
/* End PBXBuildFile section */

/* Begin PBXFileReference section */
		BE5D7169222E94A000F200DE /* ColorFinder.app */ = {isa = PBXFileReference; explicitFileType = wrapper.application; includeInIndex = 0; path = ColorFinder.app; sourceTree = BUILT_PRODUCTS_DIR; };
		BE5D716C222E94A000F200DE /* AppDelegate.swift */ = {isa = PBXFileReference; lastKnownFileType = sourcecode.swift; path = AppDelegate.swift; sourceTree = "<group>"; };
		BE5D716E222E94A000F200DE /* ViewController.swift */ = {isa = PBXFileReference; lastKnownFileType = sourcecode.swift; path = ViewController.swift; sourceTree = "<group>"; };
		BE5D7171222E94A000F200DE /* Base */ = {isa = PBXFileReference; lastKnownFileType = file.storyboard; name = Base; path = Base.lproj/Main.storyboard; sourceTree = "<group>"; };
		BE5D7173222E94A300F200DE /* Assets.xcassets */ = {isa = PBXFileReference; lastKnownFileType = folder.assetcatalog; path = Assets.xcassets; sourceTree = "<group>"; };
		BE5D7176222E94A300F200DE /* Base */ = {isa = PBXFileReference; lastKnownFileType = file.storyboard; name = Base; path = Base.lproj/LaunchScreen.storyboard; sourceTree = "<group>"; };
		BE5D7178222E94A300F200DE /* Info.plist */ = {isa = PBXFileReference; lastKnownFileType = text.plist.xml; path = Info.plist; sourceTree = "<group>"; };
		BE5D7181222E95A200F200DE /* ColorCameraViewController.swift */ = {isa = PBXFileReference; fileEncoding = 4; lastKnownFileType = sourcecode.swift; path = ColorCameraViewController.swift; sourceTree = "<group>"; };
		BE5D7183222E95C300F200DE /* CameraSessionManager.swift */ = {isa = PBXFileReference; fileEncoding = 4; lastKnownFileType = sourcecode.swift; path = CameraSessionManager.swift; sourceTree = "<group>"; };
		BE5D7185222E95DE00F200DE /* ColorFinder-Bridging-Header.h */ = {isa = PBXFileReference; lastKnownFileType = sourcecode.c.h; path = "ColorFinder-Bridging-Header.h"; sourceTree = "<group>"; };
		BE5D7186222E95DF00F200DE /* DBColorNames.h */ = {isa = PBXFileReference; fileEncoding = 4; lastKnownFileType = sourcecode.c.h; path = DBColorNames.h; sourceTree = "<group>"; };
		BE5D7187222E95DF00F200DE /* DBColorNames.m */ = {isa = PBXFileReference; fileEncoding = 4; lastKnownFileType = sourcecode.c.objc; path = DBColorNames.m; sourceTree = "<group>"; };
		BE5D7189222EA4E400F200DE /* InterfaceHelper.swift */ = {isa = PBXFileReference; fileEncoding = 4; lastKnownFileType = sourcecode.swift; path = InterfaceHelper.swift; sourceTree = "<group>"; };
/* End PBXFileReference section */

/* Begin PBXFrameworksBuildPhase section */
		BE5D7166222E94A000F200DE /* Frameworks */ = {
			isa = PBXFrameworksBuildPhase;
			buildActionMask = 2147483647;
			files = (
			);
			runOnlyForDeploymentPostprocessing = 0;
		};
/* End PBXFrameworksBuildPhase section */

/* Begin PBXGroup section */
		BE5D7160222E94A000F200DE = {
			isa = PBXGroup;
			children = (
				BE5D716B222E94A000F200DE /* ColorFinder */,
				BE5D716A222E94A000F200DE /* Products */,
			);
			sourceTree = "<group>";
		};
		BE5D716A222E94A000F200DE /* Products */ = {
			isa = PBXGroup;
			children = (
				BE5D7169222E94A000F200DE /* ColorFinder.app */,
			);
			name = Products;
			sourceTree = "<group>";
		};
		BE5D716B222E94A000F200DE /* ColorFinder */ = {
			isa = PBXGroup;
			children = (
				BE5D7189222EA4E400F200DE /* InterfaceHelper.swift */,
				BE5D7186222E95DF00F200DE /* DBColorNames.h */,
				BE5D7187222E95DF00F200DE /* DBColorNames.m */,
				BE5D717F222E94D100F200DE /* ViewControllers */,
				BE5D717E222E94C500F200DE /* SystemUI */,
				BE5D7178222E94A300F200DE /* Info.plist */,
				BE5D7185222E95DE00F200DE /* ColorFinder-Bridging-Header.h */,
			);
			path = ColorFinder;
			sourceTree = "<group>";
		};
		BE5D717E222E94C500F200DE /* SystemUI */ = {
			isa = PBXGroup;
			children = (
				BE5D716C222E94A000F200DE /* AppDelegate.swift */,
				BE5D7170222E94A000F200DE /* Main.storyboard */,
				BE5D7173222E94A300F200DE /* Assets.xcassets */,
				BE5D7175222E94A300F200DE /* LaunchScreen.storyboard */,
			);
			path = SystemUI;
			sourceTree = "<group>";
		};
		BE5D717F222E94D100F200DE /* ViewControllers */ = {
			isa = PBXGroup;
			children = (
				BE5D7183222E95C300F200DE /* CameraSessionManager.swift */,
				BE5D716E222E94A000F200DE /* ViewController.swift */,
				BE5D7181222E95A200F200DE /* ColorCameraViewController.swift */,
			);
			path = ViewControllers;
			sourceTree = "<group>";
		};
/* End PBXGroup section */

/* Begin PBXNativeTarget section */
		BE5D7168222E94A000F200DE /* ColorFinder */ = {
			isa = PBXNativeTarget;
			buildConfigurationList = BE5D717B222E94A300F200DE /* Build configuration list for PBXNativeTarget "ColorFinder" */;
			buildPhases = (
				BE5D7165222E94A000F200DE /* Sources */,
				BE5D7166222E94A000F200DE /* Frameworks */,
				BE5D7167222E94A000F200DE /* Resources */,
			);
			buildRules = (
			);
			dependencies = (
			);
			name = ColorFinder;
			productName = ColorFinder;
			productReference = BE5D7169222E94A000F200DE /* ColorFinder.app */;
			productType = "com.apple.product-type.application";
		};
/* End PBXNativeTarget section */

/* Begin PBXProject section */
		BE5D7161222E94A000F200DE /* Project object */ = {
			isa = PBXProject;
			attributes = {
				LastSwiftUpdateCheck = 1010;
				LastUpgradeCheck = 1010;
				ORGANIZATIONNAME = "Mostafizur Rahman";
				TargetAttributes = {
					BE5D7168222E94A000F200DE = {
						CreatedOnToolsVersion = 10.1;
						LastSwiftMigration = 1010;
					};
				};
			};
			buildConfigurationList = BE5D7164222E94A000F200DE /* Build configuration list for PBXProject "ColorFinder" */;
			compatibilityVersion = "Xcode 9.3";
			developmentRegion = en;
			hasScannedForEncodings = 0;
			knownRegions = (
				en,
				Base,
			);
			mainGroup = BE5D7160222E94A000F200DE;
			productRefGroup = BE5D716A222E94A000F200DE /* Products */;
			projectDirPath = "";
			projectRoot = "";
			targets = (
				BE5D7168222E94A000F200DE /* ColorFinder */,
			);
		};
/* End PBXProject section */

/* Begin PBXResourcesBuildPhase section */
		BE5D7167222E94A000F200DE /* Resources */ = {
			isa = PBXResourcesBuildPhase;
			buildActionMask = 2147483647;
			files = (
				BE5D7177222E94A300F200DE /* LaunchScreen.storyboard in Resources */,
				BE5D7174222E94A300F200DE /* Assets.xcassets in Resources */,
				BE5D7172222E94A000F200DE /* Main.storyboard in Resources */,
			);
			runOnlyForDeploymentPostprocessing = 0;
		};
/* End PBXResourcesBuildPhase section */

/* Begin PBXSourcesBuildPhase section */
		BE5D7165222E94A000F200DE /* Sources */ = {
			isa = PBXSourcesBuildPhase;
			buildActionMask = 2147483647;
			files = (
				BE5D7182222E95A200F200DE /* ColorCameraViewController.swift in Sources */,
				BE5D7184222E95C300F200DE /* CameraSessionManager.swift in Sources */,
				BE5D7188222E95DF00F200DE /* DBColorNames.m in Sources */,
				BE5D716F222E94A000F200DE /* ViewController.swift in Sources */,
				BE5D716D222E94A000F200DE /* AppDelegate.swift in Sources */,
				BE5D718A222EA4E400F200DE /* InterfaceHelper.swift in Sources */,
			);
			runOnlyForDeploymentPostprocessing = 0;
		};
/* End PBXSourcesBuildPhase section */

/* Begin PBXVariantGroup section */
		BE5D7170222E94A000F200DE /* Main.storyboard */ = {
			isa = PBXVariantGroup;
			children = (
				BE5D7171222E94A000F200DE /* Base */,
			);
			name = Main.storyboard;
			sourceTree = "<group>";
		};
		BE5D7175222E94A300F200DE /* LaunchScreen.storyboard */ = {
			isa = PBXVariantGroup;
			children = (
				BE5D7176222E94A300F200DE /* Base */,
			);
			name = LaunchScreen.storyboard;
			sourceTree = "<group>";
		};
/* End PBXVariantGroup section */

/* Begin XCBuildConfiguration section */
		BE5D7179222E94A300F200DE /* Debug */ = {
			isa = XCBuildConfiguration;
			buildSettings = {
				ALWAYS_SEARCH_USER_PATHS = NO;
				CLANG_ANALYZER_NONNULL = YES;
				CLANG_ANALYZER_NUMBER_OBJECT_CONVERSION = YES_AGGRESSIVE;
				CLANG_CXX_LANGUAGE_STANDARD = "gnu++14";
				CLANG_CXX_LIBRARY = "libc++";
				CLANG_ENABLE_MODULES = YES;
				CLANG_ENABLE_OBJC_ARC = YES;
				CLANG_ENABLE_OBJC_WEAK = YES;
				CLANG_WARN_BLOCK_CAPTURE_AUTORELEASING = YES;
				CLANG_WARN_BOOL_CONVERSION = YES;
				CLANG_WARN_COMMA = YES;
				CLANG_WARN_CONSTANT_CONVERSION = YES;
				CLANG_WARN_DEPRECATED_OBJC_IMPLEMENTATIONS = YES;
				CLANG_WARN_DIRECT_OBJC_ISA_USAGE = YES_ERROR;
				CLANG_WARN_DOCUMENTATION_COMMENTS = YES;
				CLANG_WARN_EMPTY_BODY = YES;
				CLANG_WARN_ENUM_CONVERSION = YES;
				CLANG_WARN_INFINITE_RECURSION = YES;
				CLANG_WARN_INT_CONVERSION = YES;
				CLANG_WARN_NON_LITERAL_NULL_CONVERSION = YES;
				CLANG_WARN_OBJC_IMPLICIT_RETAIN_SELF = YES;
				CLANG_WARN_OBJC_LITERAL_CONVERSION = YES;
				CLANG_WARN_OBJC_ROOT_CLASS = YES_ERROR;
				CLANG_WARN_RANGE_LOOP_ANALYSIS = YES;
				CLANG_WARN_STRICT_PROTOTYPES = YES;
				CLANG_WARN_SUSPICIOUS_MOVE = YES;
				CLANG_WARN_UNGUARDED_AVAILABILITY = YES_AGGRESSIVE;
				CLANG_WARN_UNREACHABLE_CODE = YES;
				CLANG_WARN__DUPLICATE_METHOD_MATCH = YES;
				CODE_SIGN_IDENTITY = "iPhone Developer";
				COPY_PHASE_STRIP = NO;
				DEBUG_INFORMATION_FORMAT = dwarf;
				ENABLE_STRICT_OBJC_MSGSEND = YES;
				ENABLE_TESTABILITY = YES;
				GCC_C_LANGUAGE_STANDARD = gnu11;
				GCC_DYNAMIC_NO_PIC = NO;
				GCC_NO_COMMON_BLOCKS = YES;
				GCC_OPTIMIZATION_LEVEL = 0;
				GCC_PREPROCESSOR_DEFINITIONS = (
					"DEBUG=1",
					"$(inherited)",
				);
				GCC_WARN_64_TO_32_BIT_CONVERSION = YES;
				GCC_WARN_ABOUT_RETURN_TYPE = YES_ERROR;
				GCC_WARN_UNDECLARED_SELECTOR = YES;
				GCC_WARN_UNINITIALIZED_AUTOS = YES_AGGRESSIVE;
				GCC_WARN_UNUSED_FUNCTION = YES;
				GCC_WARN_UNUSED_VARIABLE = YES;
				IPHONEOS_DEPLOYMENT_TARGET = 12.1;
				MTL_ENABLE_DEBUG_INFO = INCLUDE_SOURCE;
				MTL_FAST_MATH = YES;
				ONLY_ACTIVE_ARCH = YES;
				SDKROOT = iphoneos;
				SWIFT_ACTIVE_COMPILATION_CONDITIONS = DEBUG;
				SWIFT_OPTIMIZATION_LEVEL = "-Onone";
			};
			name = Debug;
		};
		BE5D717A222E94A300F200DE /* Release */ = {
			isa = XCBuildConfiguration;
			buildSettings = {
				ALWAYS_SEARCH_USER_PATHS = NO;
				CLANG_ANALYZER_NONNULL = YES;
				CLANG_ANALYZER_NUMBER_OBJECT_CONVERSION = YES_AGGRESSIVE;
				CLANG_CXX_LANGUAGE_STANDARD = "gnu++14";
				CLANG_CXX_LIBRARY = "libc++";
				CLANG_ENABLE_MODULES = YES;
				CLANG_ENABLE_OBJC_ARC = YES;
				CLANG_ENABLE_OBJC_WEAK = YES;
				CLANG_WARN_BLOCK_CAPTURE_AUTORELEASING = YES;
				CLANG_WARN_BOOL_CONVERSION = YES;
				CLANG_WARN_COMMA = YES;
				CLANG_WARN_CONSTANT_CONVERSION = YES;
				CLANG_WARN_DEPRECATED_OBJC_IMPLEMENTATIONS = YES;
				CLANG_WARN_DIRECT_OBJC_ISA_USAGE = YES_ERROR;
				CLANG_WARN_DOCUMENTATION_COMMENTS = YES;
				CLANG_WARN_EMPTY_BODY = YES;
				CLANG_WARN_ENUM_CONVERSION = YES;
				CLANG_WARN_INFINITE_RECURSION = YES;
				CLANG_WARN_INT_CONVERSION = YES;
				CLANG_WARN_NON_LITERAL_NULL_CONVERSION = YES;
				CLANG_WARN_OBJC_IMPLICIT_RETAIN_SELF = YES;
				CLANG_WARN_OBJC_LITERAL_CONVERSION = YES;
				CLANG_WARN_OBJC_ROOT_CLASS = YES_ERROR;
				CLANG_WARN_RANGE_LOOP_ANALYSIS = YES;
				CLANG_WARN_STRICT_PROTOTYPES = YES;
				CLANG_WARN_SUSPICIOUS_MOVE = YES;
				CLANG_WARN_UNGUARDED_AVAILABILITY = YES_AGGRESSIVE;
				CLANG_WARN_UNREACHABLE_CODE = YES;
				CLANG_WARN__DUPLICATE_METHOD_MATCH = YES;
				CODE_SIGN_IDENTITY = "iPhone Developer";
				COPY_PHASE_STRIP = NO;
				DEBUG_INFORMATION_FORMAT = "dwarf-with-dsym";
				ENABLE_NS_ASSERTIONS = NO;
				ENABLE_STRICT_OBJC_MSGSEND = YES;
				GCC_C_LANGUAGE_STANDARD = gnu11;
				GCC_NO_COMMON_BLOCKS = YES;
				GCC_WARN_64_TO_32_BIT_CONVERSION = YES;
				GCC_WARN_ABOUT_RETURN_TYPE = YES_ERROR;
				GCC_WARN_UNDECLARED_SELECTOR = YES;
				GCC_WARN_UNINITIALIZED_AUTOS = YES_AGGRESSIVE;
				GCC_WARN_UNUSED_FUNCTION = YES;
				GCC_WARN_UNUSED_VARIABLE = YES;
				IPHONEOS_DEPLOYMENT_TARGET = 12.1;
				MTL_ENABLE_DEBUG_INFO = NO;
				MTL_FAST_MATH = YES;
				SDKROOT = iphoneos;
				SWIFT_COMPILATION_MODE = wholemodule;
				SWIFT_OPTIMIZATION_LEVEL = "-O";
				VALIDATE_PRODUCT = YES;
			};
			name = Release;
		};
		BE5D717C222E94A300F200DE /* Debug */ = {
			isa = XCBuildConfiguration;
			buildSettings = {
				ASSETCATALOG_COMPILER_APPICON_NAME = AppIcon;
				CLANG_ENABLE_MODULES = YES;
				CODE_SIGN_STYLE = Automatic;
				DEVELOPMENT_TEAM = 2VZ7V842VP;
				INFOPLIST_FILE = ColorFinder/Info.plist;
				IPHONEOS_DEPLOYMENT_TARGET = 9.0;
				LD_RUNPATH_SEARCH_PATHS = (
					"$(inherited)",
					"@executable_path/Frameworks",
				);
				PRODUCT_BUNDLE_IDENTIFIER = com.utilitiesapp.ColorFinder;
				PRODUCT_NAME = "$(TARGET_NAME)";
				SWIFT_OBJC_BRIDGING_HEADER = "ColorFinder/ColorFinder-Bridging-Header.h";
				SWIFT_OPTIMIZATION_LEVEL = "-Onone";
				SWIFT_VERSION = 4.2;
				TARGETED_DEVICE_FAMILY = "1,2";
			};
			name = Debug;
		};
		BE5D717D222E94A300F200DE /* Release */ = {
			isa = XCBuildConfiguration;
			buildSettings = {
				ASSETCATALOG_COMPILER_APPICON_NAME = AppIcon;
				CLANG_ENABLE_MODULES = YES;
				CODE_SIGN_STYLE = Automatic;
				DEVELOPMENT_TEAM = 2VZ7V842VP;
				INFOPLIST_FILE = ColorFinder/Info.plist;
				IPHONEOS_DEPLOYMENT_TARGET = 9.0;
				LD_RUNPATH_SEARCH_PATHS = (
					"$(inherited)",
					"@executable_path/Frameworks",
				);
				PRODUCT_BUNDLE_IDENTIFIER = com.utilitiesapp.ColorFinder;
				PRODUCT_NAME = "$(TARGET_NAME)";
				SWIFT_OBJC_BRIDGING_HEADER = "ColorFinder/ColorFinder-Bridging-Header.h";
				SWIFT_VERSION = 4.2;
				TARGETED_DEVICE_FAMILY = "1,2";
			};
			name = Release;
		};
/* End XCBuildConfiguration section */

/* Begin XCConfigurationList section */
		BE5D7164222E94A000F200DE /* Build configuration list for PBXProject "ColorFinder" */ = {
			isa = XCConfigurationList;
			buildConfigurations = (
				BE5D7179222E94A300F200DE /* Debug */,
				BE5D717A222E94A300F200DE /* Release */,
			);
			defaultConfigurationIsVisible = 0;
			defaultConfigurationName = Release;
		};
		BE5D717B222E94A300F200DE /* Build configuration list for PBXNativeTarget "ColorFinder" */ = {
			isa = XCConfigurationList;
			buildConfigurations = (
				BE5D717C222E94A300F200DE /* Debug */,
				BE5D717D222E94A300F200DE /* Release */,
			);
			defaultConfigurationIsVisible = 0;
			defaultConfigurationName = Release;
		};
/* End XCConfigurationList section */
	};
	rootObject = BE5D7161222E94A000F200DE /* Project object */;
}
